{
  "name": "slider",
  "version": "1.0.0",
  "lockfileVersion": 3,
  "requires": true,
  "packages": {
    "": {
      "name": "slider",
      "version": "1.0.0",
      "license": "MIT",
      "dependencies": {
        "dyo": "^2.0.8"
      }
    },
    "node_modules/dyo": {
      "version": "2.0.8",
      "resolved": "https://registry.npmjs.org/dyo/-/dyo-2.0.8.tgz",
      "integrity": "sha512-YE0Ug3HurEj4SIgurQjYVAh+iw4qhBrujEwc8DFHDu9ZYBEjBvVBfpMjtg48caP+Tzc18fmTB9HJ64KyfjvMcg=="
    }
  }
}
